// !$*UTF8*$!
{
	archiveVersion = 1;
	classes = {
	};
	objectVersion = 56;
	objects = {

/* Begin PBXBuildFile section */
		0413BB0A2BFB2E2E0011F7E1 /* BasicEnum.swift in Sources */ = {isa = PBXBuildFile; fileRef = 0413BB092BFB2E2E0011F7E1 /* BasicEnum.swift */; };
		04CE4FCE2BF3769200A43819 /* BaseViewController.swift in Sources */ = {isa = PBXBuildFile; fileRef = 04CE4FCD2BF3769200A43819 /* BaseViewController.swift */; };
		04CE4FD02BF376BC00A43819 /* UIStackViewExtension.swift in Sources */ = {isa = PBXBuildFile; fileRef = 04CE4FCF2BF376BB00A43819 /* UIStackViewExtension.swift */; };
		16F9AE43FAD7F517835BA02B /* Pods_GentleMan2024.framework in Frameworks */ = {isa = PBXBuildFile; fileRef = F121C2105B7518B9AAE867DD /* Pods_GentleMan2024.framework */; };
		96EB3732CAF1B8D986ABD45E /* Pods_GentleMan2024_GentleMan2024UITests.framework in Frameworks */ = {isa = PBXBuildFile; fileRef = 85AED076A3F9D14627B447B2 /* Pods_GentleMan2024_GentleMan2024UITests.framework */; };
		E7AB26B031798A424A1D0E7A /* Pods_GentleMan2024Tests.framework in Frameworks */ = {isa = PBXBuildFile; fileRef = C9C6227A7EF15BE25568B5A0 /* Pods_GentleMan2024Tests.framework */; };
		EB0052952BD50E610081540D /* MainSceneDIContainer.swift in Sources */ = {isa = PBXBuildFile; fileRef = EB0052942BD50E610081540D /* MainSceneDIContainer.swift */; };
		EB0052982BD512EB0081540D /* MainFlowCoordinatorDependencies.swift in Sources */ = {isa = PBXBuildFile; fileRef = EB0052972BD512EB0081540D /* MainFlowCoordinatorDependencies.swift */; };
		EB00529C2BD53D370081540D /* XibInstantiable.swift in Sources */ = {isa = PBXBuildFile; fileRef = EB00529B2BD53D370081540D /* XibInstantiable.swift */; };
		EB005DD42C285A8900428216 /* CircularProgressView.swift in Sources */ = {isa = PBXBuildFile; fileRef = EB005DD32C285A8900428216 /* CircularProgressView.swift */; };
		EB04BF912BCE82F1009DD7C2 /* Constants.swift in Sources */ = {isa = PBXBuildFile; fileRef = EB04BF902BCE82F1009DD7C2 /* Constants.swift */; };
		EB04BFC82BCEB292009DD7C2 /* UIViewController+Extension.swift in Sources */ = {isa = PBXBuildFile; fileRef = EB04BFB72BCEB292009DD7C2 /* UIViewController+Extension.swift */; };
		EB04BFE52BCEB2CA009DD7C2 /* CollectionView+Extension.swift in Sources */ = {isa = PBXBuildFile; fileRef = EB04BFD42BCEB2CA009DD7C2 /* CollectionView+Extension.swift */; };
		EB04BFE62BCEB2CA009DD7C2 /* UIResponder+Extension.swift in Sources */ = {isa = PBXBuildFile; fileRef = EB04BFD52BCEB2CA009DD7C2 /* UIResponder+Extension.swift */; };
		EB04BFE72BCEB2CA009DD7C2 /* UIColor+Extension.swift in Sources */ = {isa = PBXBuildFile; fileRef = EB04BFD62BCEB2CA009DD7C2 /* UIColor+Extension.swift */; };
		EB04BFE92BCEB2CA009DD7C2 /* UILabel+Extension.swift in Sources */ = {isa = PBXBuildFile; fileRef = EB04BFD82BCEB2CA009DD7C2 /* UILabel+Extension.swift */; };
		EB04BFEA2BCEB2CA009DD7C2 /* UIView+Extension.swift in Sources */ = {isa = PBXBuildFile; fileRef = EB04BFD92BCEB2CA009DD7C2 /* UIView+Extension.swift */; };
		EB04BFEB2BCEB2CA009DD7C2 /* UIImage+Extension.swift in Sources */ = {isa = PBXBuildFile; fileRef = EB04BFDA2BCEB2CA009DD7C2 /* UIImage+Extension.swift */; };
		EB04BFEC2BCEB2CA009DD7C2 /* UINavigationController+Extension.swift in Sources */ = {isa = PBXBuildFile; fileRef = EB04BFDB2BCEB2CA009DD7C2 /* UINavigationController+Extension.swift */; };
		EB04BFEE2BCEB2CA009DD7C2 /* Double+Extension.swift in Sources */ = {isa = PBXBuildFile; fileRef = EB04BFDD2BCEB2CA009DD7C2 /* Double+Extension.swift */; };
		EB04BFEF2BCEB2CA009DD7C2 /* UIButton+Extenison.swift in Sources */ = {isa = PBXBuildFile; fileRef = EB04BFDE2BCEB2CA009DD7C2 /* UIButton+Extenison.swift */; };
		EB04BFF12BCEB2CA009DD7C2 /* String+Extension.swift in Sources */ = {isa = PBXBuildFile; fileRef = EB04BFE02BCEB2CA009DD7C2 /* String+Extension.swift */; };
		EB04BFF52BCEB2CA009DD7C2 /* UITableView+Extension.swift in Sources */ = {isa = PBXBuildFile; fileRef = EB04BFE42BCEB2CA009DD7C2 /* UITableView+Extension.swift */; };
		EB0762212BC32A5400CFD8CF /* UIViewController+AddBehaviors.swift in Sources */ = {isa = PBXBuildFile; fileRef = EB0762202BC32A5400CFD8CF /* UIViewController+AddBehaviors.swift */; };
		EB0762232BC32A6400CFD8CF /* UIViewController+AddChild.swift in Sources */ = {isa = PBXBuildFile; fileRef = EB0762222BC32A6400CFD8CF /* UIViewController+AddChild.swift */; };
		EB0762252BC32A8200CFD8CF /* UIViewController+ActivityIndicator.swift in Sources */ = {isa = PBXBuildFile; fileRef = EB0762242BC32A8200CFD8CF /* UIViewController+ActivityIndicator.swift */; };
		EB0762272BC32A9300CFD8CF /* UIImageView+ImageSizeAfterAspectFit.swift in Sources */ = {isa = PBXBuildFile; fileRef = EB0762262BC32A9300CFD8CF /* UIImageView+ImageSizeAfterAspectFit.swift */; };
		EB0762292BC32AA500CFD8CF /* CGSize+ScaledSize.swift in Sources */ = {isa = PBXBuildFile; fileRef = EB0762282BC32AA500CFD8CF /* CGSize+ScaledSize.swift */; };
		EB07622B2BC32ABF00CFD8CF /* DataTransferError+ConnectionError.swift in Sources */ = {isa = PBXBuildFile; fileRef = EB07622A2BC32ABF00CFD8CF /* DataTransferError+ConnectionError.swift */; };
		EB07622D2BC32C0300CFD8CF /* Alertable.swift in Sources */ = {isa = PBXBuildFile; fileRef = EB07622C2BC32C0300CFD8CF /* Alertable.swift */; };
		EB07622F2BC32C1100CFD8CF /* StoryboardInstantiable.swift in Sources */ = {isa = PBXBuildFile; fileRef = EB07622E2BC32C1100CFD8CF /* StoryboardInstantiable.swift */; };
		EB0762312BC32C4000CFD8CF /* Observable.swift in Sources */ = {isa = PBXBuildFile; fileRef = EB0762302BC32C4000CFD8CF /* Observable.swift */; };
		EB0762332BC32C6F00CFD8CF /* LoadingView.swift in Sources */ = {isa = PBXBuildFile; fileRef = EB0762322BC32C6F00CFD8CF /* LoadingView.swift */; };
		EB0762352BC32E1100CFD8CF /* ConnectionError.swift in Sources */ = {isa = PBXBuildFile; fileRef = EB0762342BC32E1100CFD8CF /* ConnectionError.swift */; };
		EB07623B2BC32EAB00CFD8CF /* DataTransferService.swift in Sources */ = {isa = PBXBuildFile; fileRef = EB07623A2BC32EAB00CFD8CF /* DataTransferService.swift */; };
		EB07623D2BC32ECD00CFD8CF /* NetworkService.swift in Sources */ = {isa = PBXBuildFile; fileRef = EB07623C2BC32ECD00CFD8CF /* NetworkService.swift */; };
		EB07623F2BC32EF400CFD8CF /* Endpoint.swift in Sources */ = {isa = PBXBuildFile; fileRef = EB07623E2BC32EF400CFD8CF /* Endpoint.swift */; };
		EB0762412BC32F0900CFD8CF /* NetworkConfig.swift in Sources */ = {isa = PBXBuildFile; fileRef = EB0762402BC32F0900CFD8CF /* NetworkConfig.swift */; };
		EB0762432BC33C5A00CFD8CF /* AppDIContainer.swift in Sources */ = {isa = PBXBuildFile; fileRef = EB0762422BC33C5A00CFD8CF /* AppDIContainer.swift */; };
		EB1532AF2BDE84A3000F3FB9 /* SplashVC.swift in Sources */ = {isa = PBXBuildFile; fileRef = EB1532AD2BDE84A3000F3FB9 /* SplashVC.swift */; };
		EB1532B42BDE87FF000F3FB9 /* SplashVC.xib in Resources */ = {isa = PBXBuildFile; fileRef = EB1532B32BDE87FF000F3FB9 /* SplashVC.xib */; };
		EB54F6B02F29866200799D06 /* VideoAPIEndpoints.swift in Sources */ = {isa = PBXBuildFile; fileRef = EB54F6AF2F29866200799D06 /* VideoAPIEndpoints.swift */; };
		EB54F6B22F29867E00799D06 /* VideoResponseDTO+Mapping.swift in Sources */ = {isa = PBXBuildFile; fileRef = EB54F6B12F29867E00799D06 /* VideoResponseDTO+Mapping.swift */; };
		EB54F6B42F2986B500799D06 /* DefaultVideoRepository.swift in Sources */ = {isa = PBXBuildFile; fileRef = EB54F6B32F2986B500799D06 /* DefaultVideoRepository.swift */; };
		EB54F6B62F2986CE00799D06 /* VideoPost.swift in Sources */ = {isa = PBXBuildFile; fileRef = EB54F6B52F2986CE00799D06 /* VideoPost.swift */; };
		EB54F6B82F2986E000799D06 /* VideoRepository.swift in Sources */ = {isa = PBXBuildFile; fileRef = EB54F6B72F2986E000799D06 /* VideoRepository.swift */; };
		EB54F6BA2F2986F100799D06 /* FetchVideosUseCase.swift in Sources */ = {isa = PBXBuildFile; fileRef = EB54F6B92F2986F100799D06 /* FetchVideosUseCase.swift */; };
		EB54F6BC2F29871700799D06 /* FeedViewModel.swift in Sources */ = {isa = PBXBuildFile; fileRef = EB54F6BB2F29871700799D06 /* FeedViewModel.swift */; };
		EB54F6BF2F29874700799D06 /* VideoFeedCell.swift in Sources */ = {isa = PBXBuildFile; fileRef = EB54F6BE2F29874700799D06 /* VideoFeedCell.swift */; };
		EB54F6C42F298C3D00799D06 /* FeedViewController.swift in Sources */ = {isa = PBXBuildFile; fileRef = EB54F6C22F298C3D00799D06 /* FeedViewController.swift */; };
		EB54F6C52F298C3D00799D06 /* FeedViewController.xib in Resources */ = {isa = PBXBuildFile; fileRef = EB54F6C32F298C3D00799D06 /* FeedViewController.xib */; };
		EB54F6C82F29B25300799D06 /* FeedViewModelTests.swift in Sources */ = {isa = PBXBuildFile; fileRef = EB54F6C72F29B25300799D06 /* FeedViewModelTests.swift */; };
		EB54F6C92F29B25300799D06 /* FeedViewControllerTests.swift in Sources */ = {isa = PBXBuildFile; fileRef = EB54F6C62F29B25300799D06 /* FeedViewControllerTests.swift */; };
		EBAB15762BD69032005420C9 /* BaseURL+EndPoints.swift in Sources */ = {isa = PBXBuildFile; fileRef = EBAB15752BD69032005420C9 /* BaseURL+EndPoints.swift */; };
		EBC28D9C2C3D21AC007EB825 /* ObserverHelper.swift in Sources */ = {isa = PBXBuildFile; fileRef = EBC28D9B2C3D21AC007EB825 /* ObserverHelper.swift */; };
		EBC28D9E2C3D2E6C007EB825 /* CustomPopAnimator.swift in Sources */ = {isa = PBXBuildFile; fileRef = EBC28D9D2C3D2E6C007EB825 /* CustomPopAnimator.swift */; };
		EBCCBE712BBF6488009D1387 /* AppDelegate.swift in Sources */ = {isa = PBXBuildFile; fileRef = EBCCBE702BBF6488009D1387 /* AppDelegate.swift */; };
		EBCCBE7D2BBF6489009D1387 /* Assets.xcassets in Resources */ = {isa = PBXBuildFile; fileRef = EBCCBE7C2BBF6489009D1387 /* Assets.xcassets */; };
		EBCCBE802BBF6489009D1387 /* LaunchScreen.storyboard in Resources */ = {isa = PBXBuildFile; fileRef = EBCCBE7E2BBF6489009D1387 /* LaunchScreen.storyboard */; };
		EBCCBEB62BBF6988009D1387 /* AppAppearance.swift in Sources */ = {isa = PBXBuildFile; fileRef = EBCCBEB52BBF6988009D1387 /* AppAppearance.swift */; };
		EBCCBEBC2BBF69D1009D1387 /* AppFlowCoordinator.swift in Sources */ = {isa = PBXBuildFile; fileRef = EBCCBEBB2BBF69D1009D1387 /* AppFlowCoordinator.swift */; };
/* End PBXBuildFile section */

/* Begin PBXContainerItemProxy section */
		EBCCBE872BBF6489009D1387 /* PBXContainerItemProxy */ = {
			isa = PBXContainerItemProxy;
			containerPortal = EBCCBE652BBF6488009D1387 /* Project object */;
			proxyType = 1;
			remoteGlobalIDString = EBCCBE6C2BBF6488009D1387;
			remoteInfo = CodeBase;
		};
		EBCCBE912BBF6489009D1387 /* PBXContainerItemProxy */ = {
			isa = PBXContainerItemProxy;
			containerPortal = EBCCBE652BBF6488009D1387 /* Project object */;
			proxyType = 1;
			remoteGlobalIDString = EBCCBE6C2BBF6488009D1387;
			remoteInfo = CodeBase;
		};
/* End PBXContainerItemProxy section */

/* Begin PBXFileReference section */
		0413BB092BFB2E2E0011F7E1 /* BasicEnum.swift */ = {isa = PBXFileReference; lastKnownFileType = sourcecode.swift; path = BasicEnum.swift; sourceTree = "<group>"; };
		046EF73D2C08CAFC00C4E034 /* OfferResponseDTO.swift */ = {isa = PBXFileReference; lastKnownFileType = sourcecode.swift; path = OfferResponseDTO.swift; sourceTree = "<group>"; };
		04CE4FCD2BF3769200A43819 /* BaseViewController.swift */ = {isa = PBXFileReference; fileEncoding = 4; lastKnownFileType = sourcecode.swift; path = BaseViewController.swift; sourceTree = "<group>"; };
		04CE4FCF2BF376BB00A43819 /* UIStackViewExtension.swift */ = {isa = PBXFileReference; fileEncoding = 4; lastKnownFileType = sourcecode.swift; path = UIStackViewExtension.swift; sourceTree = "<group>"; };
		1B0473638473EE9C7BB8648F /* Pods-GentleMan2024.release.xcconfig */ = {isa = PBXFileReference; includeInIndex = 1; lastKnownFileType = text.xcconfig; name = "Pods-GentleMan2024.release.xcconfig"; path = "Target Support Files/Pods-GentleMan2024/Pods-GentleMan2024.release.xcconfig"; sourceTree = "<group>"; };
		59E5DBEECA5F320C704C7A98 /* Pods-GentleMan2024Tests.debug.xcconfig */ = {isa = PBXFileReference; includeInIndex = 1; lastKnownFileType = text.xcconfig; name = "Pods-GentleMan2024Tests.debug.xcconfig"; path = "Target Support Files/Pods-GentleMan2024Tests/Pods-GentleMan2024Tests.debug.xcconfig"; sourceTree = "<group>"; };
		6304F4ED1CE8A802B74C0977 /* Pods-GentleMan2024-GentleMan2024UITests.release.xcconfig */ = {isa = PBXFileReference; includeInIndex = 1; lastKnownFileType = text.xcconfig; name = "Pods-GentleMan2024-GentleMan2024UITests.release.xcconfig"; path = "Target Support Files/Pods-GentleMan2024-GentleMan2024UITests/Pods-GentleMan2024-GentleMan2024UITests.release.xcconfig"; sourceTree = "<group>"; };
		7F1EEE099378F22ED1F9E1A5 /* Pods-GentleMan2024.debug.xcconfig */ = {isa = PBXFileReference; includeInIndex = 1; lastKnownFileType = text.xcconfig; name = "Pods-GentleMan2024.debug.xcconfig"; path = "Target Support Files/Pods-GentleMan2024/Pods-GentleMan2024.debug.xcconfig"; sourceTree = "<group>"; };
		85AED076A3F9D14627B447B2 /* Pods_GentleMan2024_GentleMan2024UITests.framework */ = {isa = PBXFileReference; explicitFileType = wrapper.framework; includeInIndex = 0; path = Pods_GentleMan2024_GentleMan2024UITests.framework; sourceTree = BUILT_PRODUCTS_DIR; };
		88AE4D8CB000CA8EA0101487 /* Pods-GentleMan2024Tests.release.xcconfig */ = {isa = PBXFileReference; includeInIndex = 1; lastKnownFileType = text.xcconfig; name = "Pods-GentleMan2024Tests.release.xcconfig"; path = "Target Support Files/Pods-GentleMan2024Tests/Pods-GentleMan2024Tests.release.xcconfig"; sourceTree = "<group>"; };
		C9C6227A7EF15BE25568B5A0 /* Pods_GentleMan2024Tests.framework */ = {isa = PBXFileReference; explicitFileType = wrapper.framework; includeInIndex = 0; path = Pods_GentleMan2024Tests.framework; sourceTree = BUILT_PRODUCTS_DIR; };
		D299529DA53AE85D780BCF6F /* Pods-GentleMan2024-GentleMan2024UITests.debug.xcconfig */ = {isa = PBXFileReference; includeInIndex = 1; lastKnownFileType = text.xcconfig; name = "Pods-GentleMan2024-GentleMan2024UITests.debug.xcconfig"; path = "Target Support Files/Pods-GentleMan2024-GentleMan2024UITests/Pods-GentleMan2024-GentleMan2024UITests.debug.xcconfig"; sourceTree = "<group>"; };
		EB0052942BD50E610081540D /* MainSceneDIContainer.swift */ = {isa = PBXFileReference; lastKnownFileType = sourcecode.swift; path = MainSceneDIContainer.swift; sourceTree = "<group>"; };
		EB0052972BD512EB0081540D /* MainFlowCoordinatorDependencies.swift */ = {isa = PBXFileReference; lastKnownFileType = sourcecode.swift; path = MainFlowCoordinatorDependencies.swift; sourceTree = "<group>"; };
		EB00529B2BD53D370081540D /* XibInstantiable.swift */ = {isa = PBXFileReference; lastKnownFileType = sourcecode.swift; path = XibInstantiable.swift; sourceTree = "<group>"; };
		EB005DD32C285A8900428216 /* CircularProgressView.swift */ = {isa = PBXFileReference; lastKnownFileType = sourcecode.swift; path = CircularProgressView.swift; sourceTree = "<group>"; };
		EB04BF902BCE82F1009DD7C2 /* Constants.swift */ = {isa = PBXFileReference; lastKnownFileType = sourcecode.swift; path = Constants.swift; sourceTree = "<group>"; };
		EB04BFB72BCEB292009DD7C2 /* UIViewController+Extension.swift */ = {isa = PBXFileReference; fileEncoding = 4; lastKnownFileType = sourcecode.swift; path = "UIViewController+Extension.swift"; sourceTree = "<group>"; };
		EB04BFD42BCEB2CA009DD7C2 /* CollectionView+Extension.swift */ = {isa = PBXFileReference; fileEncoding = 4; lastKnownFileType = sourcecode.swift; path = "CollectionView+Extension.swift"; sourceTree = "<group>"; };
		EB04BFD52BCEB2CA009DD7C2 /* UIResponder+Extension.swift */ = {isa = PBXFileReference; fileEncoding = 4; lastKnownFileType = sourcecode.swift; path = "UIResponder+Extension.swift"; sourceTree = "<group>"; };
		EB04BFD62BCEB2CA009DD7C2 /* UIColor+Extension.swift */ = {isa = PBXFileReference; fileEncoding = 4; lastKnownFileType = sourcecode.swift; path = "UIColor+Extension.swift"; sourceTree = "<group>"; };
		EB04BFD82BCEB2CA009DD7C2 /* UILabel+Extension.swift */ = {isa = PBXFileReference; fileEncoding = 4; lastKnownFileType = sourcecode.swift; path = "UILabel+Extension.swift"; sourceTree = "<group>"; };
		EB04BFD92BCEB2CA009DD7C2 /* UIView+Extension.swift */ = {isa = PBXFileReference; fileEncoding = 4; lastKnownFileType = sourcecode.swift; path = "UIView+Extension.swift"; sourceTree = "<group>"; };
		EB04BFDA2BCEB2CA009DD7C2 /* UIImage+Extension.swift */ = {isa = PBXFileReference; fileEncoding = 4; lastKnownFileType = sourcecode.swift; path = "UIImage+Extension.swift"; sourceTree = "<group>"; };
		EB04BFDB2BCEB2CA009DD7C2 /* UINavigationController+Extension.swift */ = {isa = PBXFileReference; fileEncoding = 4; lastKnownFileType = sourcecode.swift; path = "UINavigationController+Extension.swift"; sourceTree = "<group>"; };
		EB04BFDD2BCEB2CA009DD7C2 /* Double+Extension.swift */ = {isa = PBXFileReference; fileEncoding = 4; lastKnownFileType = sourcecode.swift; path = "Double+Extension.swift"; sourceTree = "<group>"; };
		EB04BFDE2BCEB2CA009DD7C2 /* UIButton+Extenison.swift */ = {isa = PBXFileReference; fileEncoding = 4; lastKnownFileType = sourcecode.swift; path = "UIButton+Extenison.swift"; sourceTree = "<group>"; };
		EB04BFE02BCEB2CA009DD7C2 /* String+Extension.swift */ = {isa = PBXFileReference; fileEncoding = 4; lastKnownFileType = sourcecode.swift; path = "String+Extension.swift"; sourceTree = "<group>"; };
		EB04BFE42BCEB2CA009DD7C2 /* UITableView+Extension.swift */ = {isa = PBXFileReference; fileEncoding = 4; lastKnownFileType = sourcecode.swift; path = "UITableView+Extension.swift"; sourceTree = "<group>"; };
		EB0762202BC32A5400CFD8CF /* UIViewController+AddBehaviors.swift */ = {isa = PBXFileReference; lastKnownFileType = sourcecode.swift; path = "UIViewController+AddBehaviors.swift"; sourceTree = "<group>"; };
		EB0762222BC32A6400CFD8CF /* UIViewController+AddChild.swift */ = {isa = PBXFileReference; lastKnownFileType = sourcecode.swift; path = "UIViewController+AddChild.swift"; sourceTree = "<group>"; };
		EB0762242BC32A8200CFD8CF /* UIViewController+ActivityIndicator.swift */ = {isa = PBXFileReference; lastKnownFileType = sourcecode.swift; path = "UIViewController+ActivityIndicator.swift"; sourceTree = "<group>"; };
		EB0762262BC32A9300CFD8CF /* UIImageView+ImageSizeAfterAspectFit.swift */ = {isa = PBXFileReference; lastKnownFileType = sourcecode.swift; path = "UIImageView+ImageSizeAfterAspectFit.swift"; sourceTree = "<group>"; };
		EB0762282BC32AA500CFD8CF /* CGSize+ScaledSize.swift */ = {isa = PBXFileReference; lastKnownFileType = sourcecode.swift; path = "CGSize+ScaledSize.swift"; sourceTree = "<group>"; };
		EB07622A2BC32ABF00CFD8CF /* DataTransferError+ConnectionError.swift */ = {isa = PBXFileReference; lastKnownFileType = sourcecode.swift; path = "DataTransferError+ConnectionError.swift"; sourceTree = "<group>"; };
		EB07622C2BC32C0300CFD8CF /* Alertable.swift */ = {isa = PBXFileReference; lastKnownFileType = sourcecode.swift; path = Alertable.swift; sourceTree = "<group>"; };
		EB07622E2BC32C1100CFD8CF /* StoryboardInstantiable.swift */ = {isa = PBXFileReference; lastKnownFileType = sourcecode.swift; path = StoryboardInstantiable.swift; sourceTree = "<group>"; };
		EB0762302BC32C4000CFD8CF /* Observable.swift */ = {isa = PBXFileReference; lastKnownFileType = sourcecode.swift; path = Observable.swift; sourceTree = "<group>"; };
		EB0762322BC32C6F00CFD8CF /* LoadingView.swift */ = {isa = PBXFileReference; lastKnownFileType = sourcecode.swift; path = LoadingView.swift; sourceTree = "<group>"; };
		EB0762342BC32E1100CFD8CF /* ConnectionError.swift */ = {isa = PBXFileReference; lastKnownFileType = sourcecode.swift; path = ConnectionError.swift; sourceTree = "<group>"; };
		EB07623A2BC32EAB00CFD8CF /* DataTransferService.swift */ = {isa = PBXFileReference; lastKnownFileType = sourcecode.swift; path = DataTransferService.swift; sourceTree = "<group>"; };
		EB07623C2BC32ECD00CFD8CF /* NetworkService.swift */ = {isa = PBXFileReference; lastKnownFileType = sourcecode.swift; path = NetworkService.swift; sourceTree = "<group>"; };
		EB07623E2BC32EF400CFD8CF /* Endpoint.swift */ = {isa = PBXFileReference; lastKnownFileType = sourcecode.swift; path = Endpoint.swift; sourceTree = "<group>"; };
		EB0762402BC32F0900CFD8CF /* NetworkConfig.swift */ = {isa = PBXFileReference; lastKnownFileType = sourcecode.swift; path = NetworkConfig.swift; sourceTree = "<group>"; };
		EB0762422BC33C5A00CFD8CF /* AppDIContainer.swift */ = {isa = PBXFileReference; lastKnownFileType = sourcecode.swift; path = AppDIContainer.swift; sourceTree = "<group>"; };
		EB1532AD2BDE84A3000F3FB9 /* SplashVC.swift */ = {isa = PBXFileReference; lastKnownFileType = sourcecode.swift; path = SplashVC.swift; sourceTree = "<group>"; };
		EB1532B32BDE87FF000F3FB9 /* SplashVC.xib */ = {isa = PBXFileReference; fileEncoding = 4; lastKnownFileType = file.xib; path = SplashVC.xib; sourceTree = "<group>"; };
		EB54F6AF2F29866200799D06 /* VideoAPIEndpoints.swift */ = {isa = PBXFileReference; lastKnownFileType = sourcecode.swift; path = VideoAPIEndpoints.swift; sourceTree = "<group>"; };
		EB54F6B12F29867E00799D06 /* VideoResponseDTO+Mapping.swift */ = {isa = PBXFileReference; lastKnownFileType = sourcecode.swift; path = "VideoResponseDTO+Mapping.swift"; sourceTree = "<group>"; };
		EB54F6B32F2986B500799D06 /* DefaultVideoRepository.swift */ = {isa = PBXFileReference; lastKnownFileType = sourcecode.swift; path = DefaultVideoRepository.swift; sourceTree = "<group>"; };
		EB54F6B52F2986CE00799D06 /* VideoPost.swift */ = {isa = PBXFileReference; lastKnownFileType = sourcecode.swift; path = VideoPost.swift; sourceTree = "<group>"; };
		EB54F6B72F2986E000799D06 /* VideoRepository.swift */ = {isa = PBXFileReference; lastKnownFileType = sourcecode.swift; path = VideoRepository.swift; sourceTree = "<group>"; };
		EB54F6B92F2986F100799D06 /* FetchVideosUseCase.swift */ = {isa = PBXFileReference; lastKnownFileType = sourcecode.swift; path = FetchVideosUseCase.swift; sourceTree = "<group>"; };
		EB54F6BB2F29871700799D06 /* FeedViewModel.swift */ = {isa = PBXFileReference; lastKnownFileType = sourcecode.swift; path = FeedViewModel.swift; sourceTree = "<group>"; };
		EB54F6BE2F29874700799D06 /* VideoFeedCell.swift */ = {isa = PBXFileReference; lastKnownFileType = sourcecode.swift; path = VideoFeedCell.swift; sourceTree = "<group>"; };
		EB54F6C22F298C3D00799D06 /* FeedViewController.swift */ = {isa = PBXFileReference; lastKnownFileType = sourcecode.swift; path = FeedViewController.swift; sourceTree = "<group>"; };
		EB54F6C32F298C3D00799D06 /* FeedViewController.xib */ = {isa = PBXFileReference; lastKnownFileType = file.xib; path = FeedViewController.xib; sourceTree = "<group>"; };
		EB54F6C62F29B25300799D06 /* FeedViewControllerTests.swift */ = {isa = PBXFileReference; lastKnownFileType = sourcecode.swift; path = FeedViewControllerTests.swift; sourceTree = "<group>"; };
		EB54F6C72F29B25300799D06 /* FeedViewModelTests.swift */ = {isa = PBXFileReference; lastKnownFileType = sourcecode.swift; path = FeedViewModelTests.swift; sourceTree = "<group>"; };
		EBAB15752BD69032005420C9 /* BaseURL+EndPoints.swift */ = {isa = PBXFileReference; lastKnownFileType = sourcecode.swift; path = "BaseURL+EndPoints.swift"; sourceTree = "<group>"; };
		EBC28D9B2C3D21AC007EB825 /* ObserverHelper.swift */ = {isa = PBXFileReference; lastKnownFileType = sourcecode.swift; path = ObserverHelper.swift; sourceTree = "<group>"; };
		EBC28D9D2C3D2E6C007EB825 /* CustomPopAnimator.swift */ = {isa = PBXFileReference; lastKnownFileType = sourcecode.swift; path = CustomPopAnimator.swift; sourceTree = "<group>"; };
		EBCA6D9E2BF204D900A90C1B /* OfferResponseStorage.swift */ = {isa = PBXFileReference; fileEncoding = 4; lastKnownFileType = sourcecode.swift; path = OfferResponseStorage.swift; sourceTree = "<group>"; };
		EBCA6DA02BF204D900A90C1B /* OfferAPIEndpoints.swift */ = {isa = PBXFileReference; fileEncoding = 4; lastKnownFileType = sourcecode.swift; path = OfferAPIEndpoints.swift; sourceTree = "<group>"; };
		EBCA6DA22BF204D900A90C1B /* OfferRepository.swift */ = {isa = PBXFileReference; fileEncoding = 4; lastKnownFileType = sourcecode.swift; path = OfferRepository.swift; sourceTree = "<group>"; };
		EBCA6DA52BF204D900A90C1B /* OfferRepositoryProtocol.swift */ = {isa = PBXFileReference; fileEncoding = 4; lastKnownFileType = sourcecode.swift; path = OfferRepositoryProtocol.swift; sourceTree = "<group>"; };
		EBCA6DA72BF204D900A90C1B /* OfferUseCase.swift */ = {isa = PBXFileReference; fileEncoding = 4; lastKnownFileType = sourcecode.swift; path = OfferUseCase.swift; sourceTree = "<group>"; };
		EBCA6DA92BF204D900A90C1B /* BranchModel.swift */ = {isa = PBXFileReference; fileEncoding = 4; lastKnownFileType = sourcecode.swift; path = BranchModel.swift; sourceTree = "<group>"; };
		EBCA6DAC2BF204D900A90C1B /* OfferViewModel.swift */ = {isa = PBXFileReference; fileEncoding = 4; lastKnownFileType = sourcecode.swift; path = OfferViewModel.swift; sourceTree = "<group>"; };
		EBCA6DAE2BF204D900A90C1B /* BranchCell.swift */ = {isa = PBXFileReference; fileEncoding = 4; lastKnownFileType = sourcecode.swift; path = BranchCell.swift; sourceTree = "<group>"; };
		EBCA6DAF2BF204D900A90C1B /* BranchCell.xib */ = {isa = PBXFileReference; fileEncoding = 4; lastKnownFileType = file.xib; path = BranchCell.xib; sourceTree = "<group>"; };
		EBCA6DB12BF204D900A90C1B /* OfferVC.swift */ = {isa = PBXFileReference; fileEncoding = 4; lastKnownFileType = sourcecode.swift; path = OfferVC.swift; sourceTree = "<group>"; };
		EBCA6DB22BF204D900A90C1B /* OfferVC.xib */ = {isa = PBXFileReference; fileEncoding = 4; lastKnownFileType = file.xib; path = OfferVC.xib; sourceTree = "<group>"; };
		EBCCBE6D2BBF6488009D1387 /* SimplifiedInstagramFeed.app */ = {isa = PBXFileReference; explicitFileType = wrapper.application; includeInIndex = 0; path = SimplifiedInstagramFeed.app; sourceTree = BUILT_PRODUCTS_DIR; };
		EBCCBE702BBF6488009D1387 /* AppDelegate.swift */ = {isa = PBXFileReference; lastKnownFileType = sourcecode.swift; path = AppDelegate.swift; sourceTree = "<group>"; };
		EBCCBE7C2BBF6489009D1387 /* Assets.xcassets */ = {isa = PBXFileReference; lastKnownFileType = folder.assetcatalog; path = Assets.xcassets; sourceTree = "<group>"; };
		EBCCBE7F2BBF6489009D1387 /* Base */ = {isa = PBXFileReference; lastKnownFileType = file.storyboard; name = Base; path = Base.lproj/LaunchScreen.storyboard; sourceTree = "<group>"; };
		EBCCBE812BBF6489009D1387 /* Info.plist */ = {isa = PBXFileReference; lastKnownFileType = text.plist.xml; path = Info.plist; sourceTree = "<group>"; };
		EBCCBE862BBF6489009D1387 /* SimplifiedInstagramFeedTests.xctest */ = {isa = PBXFileReference; explicitFileType = wrapper.cfbundle; includeInIndex = 0; path = SimplifiedInstagramFeedTests.xctest; sourceTree = BUILT_PRODUCTS_DIR; };
		EBCCBE902BBF6489009D1387 /* SimplifiedInstagramFeedUITests.xctest */ = {isa = PBXFileReference; explicitFileType = wrapper.cfbundle; includeInIndex = 0; path = SimplifiedInstagramFeedUITests.xctest; sourceTree = BUILT_PRODUCTS_DIR; };
		EBCCBEB52BBF6988009D1387 /* AppAppearance.swift */ = {isa = PBXFileReference; lastKnownFileType = sourcecode.swift; path = AppAppearance.swift; sourceTree = "<group>"; };
		EBCCBEBB2BBF69D1009D1387 /* AppFlowCoordinator.swift */ = {isa = PBXFileReference; lastKnownFileType = sourcecode.swift; path = AppFlowCoordinator.swift; sourceTree = "<group>"; };
		F121C2105B7518B9AAE867DD /* Pods_GentleMan2024.framework */ = {isa = PBXFileReference; explicitFileType = wrapper.framework; includeInIndex = 0; path = Pods_GentleMan2024.framework; sourceTree = BUILT_PRODUCTS_DIR; };
/* End PBXFileReference section */

/* Begin PBXFrameworksBuildPhase section */
		EBCCBE6A2BBF6488009D1387 /* Frameworks */ = {
			isa = PBXFrameworksBuildPhase;
			buildActionMask = 2147483647;
			files = (
				16F9AE43FAD7F517835BA02B /* Pods_GentleMan2024.framework in Frameworks */,
			);
			runOnlyForDeploymentPostprocessing = 0;
		};
		EBCCBE832BBF6489009D1387 /* Frameworks */ = {
			isa = PBXFrameworksBuildPhase;
			buildActionMask = 2147483647;
			files = (
				E7AB26B031798A424A1D0E7A /* Pods_GentleMan2024Tests.framework in Frameworks */,
			);
			runOnlyForDeploymentPostprocessing = 0;
		};
		EBCCBE8D2BBF6489009D1387 /* Frameworks */ = {
			isa = PBXFrameworksBuildPhase;
			buildActionMask = 2147483647;
			files = (
				96EB3732CAF1B8D986ABD45E /* Pods_GentleMan2024_GentleMan2024UITests.framework in Frameworks */,
			);
			runOnlyForDeploymentPostprocessing = 0;
		};
/* End PBXFrameworksBuildPhase section */

/* Begin PBXGroup section */
		04CE4FCC2BF3769200A43819 /* Basics */ = {
			isa = PBXGroup;
			children = (
				04CE4FCD2BF3769200A43819 /* BaseViewController.swift */,
				0413BB092BFB2E2E0011F7E1 /* BasicEnum.swift */,
			);
			path = Basics;
			sourceTree = "<group>";
		};
		3B1A2F19FCBB1113D60AC685 /* Pods */ = {
			isa = PBXGroup;
			children = (
				7F1EEE099378F22ED1F9E1A5 /* Pods-GentleMan2024.debug.xcconfig */,
				1B0473638473EE9C7BB8648F /* Pods-GentleMan2024.release.xcconfig */,
				D299529DA53AE85D780BCF6F /* Pods-GentleMan2024-GentleMan2024UITests.debug.xcconfig */,
				6304F4ED1CE8A802B74C0977 /* Pods-GentleMan2024-GentleMan2024UITests.release.xcconfig */,
				59E5DBEECA5F320C704C7A98 /* Pods-GentleMan2024Tests.debug.xcconfig */,
				88AE4D8CB000CA8EA0101487 /* Pods-GentleMan2024Tests.release.xcconfig */,
			);
			path = Pods;
			sourceTree = "<group>";
		};
		9360AA1DD862396AE1A80099 /* Frameworks */ = {
			isa = PBXGroup;
			children = (
				F121C2105B7518B9AAE867DD /* Pods_GentleMan2024.framework */,
				85AED076A3F9D14627B447B2 /* Pods_GentleMan2024_GentleMan2024UITests.framework */,
				C9C6227A7EF15BE25568B5A0 /* Pods_GentleMan2024Tests.framework */,
			);
			name = Frameworks;
			sourceTree = "<group>";
		};
		EB0052932BD50E570081540D /* MainSceneDIContainer */ = {
			isa = PBXGroup;
			children = (
				EB0052942BD50E610081540D /* MainSceneDIContainer.swift */,
			);
			path = MainSceneDIContainer;
			sourceTree = "<group>";
		};
		EB0052962BD512B50081540D /* Flows */ = {
			isa = PBXGroup;
			children = (
				EB0052972BD512EB0081540D /* MainFlowCoordinatorDependencies.swift */,
			);
			path = Flows;
			sourceTree = "<group>";
		};
		EB04BF892BCE8247009DD7C2 /* SupportingFiles */ = {
			isa = PBXGroup;
			children = (
				EB005DD32C285A8900428216 /* CircularProgressView.swift */,
			);
			path = SupportingFiles;
			sourceTree = "<group>";
		};
		EB04BF8E2BCE82CB009DD7C2 /* Helpers */ = {
			isa = PBXGroup;
			children = (
				EB07621C2BC32A0B00CFD8CF /* Utils */,
				EB04BFD32BCEB2CA009DD7C2 /* Extension */,
				EB04BF892BCE8247009DD7C2 /* SupportingFiles */,
				EB04BF8F2BCE82E1009DD7C2 /* Constants */,
			);
			path = Helpers;
			sourceTree = "<group>";
		};
		EB04BF8F2BCE82E1009DD7C2 /* Constants */ = {
			isa = PBXGroup;
			children = (
				EB04BF902BCE82F1009DD7C2 /* Constants.swift */,
			);
			path = Constants;
			sourceTree = "<group>";
		};
		EB04BFD32BCEB2CA009DD7C2 /* Extension */ = {
			isa = PBXGroup;
			children = (
				04CE4FCF2BF376BB00A43819 /* UIStackViewExtension.swift */,
				EB04BFD42BCEB2CA009DD7C2 /* CollectionView+Extension.swift */,
				EB04BFD52BCEB2CA009DD7C2 /* UIResponder+Extension.swift */,
				EB04BFD62BCEB2CA009DD7C2 /* UIColor+Extension.swift */,
				EB04BFD82BCEB2CA009DD7C2 /* UILabel+Extension.swift */,
				EB04BFD92BCEB2CA009DD7C2 /* UIView+Extension.swift */,
				EB04BFDA2BCEB2CA009DD7C2 /* UIImage+Extension.swift */,
				EB04BFDB2BCEB2CA009DD7C2 /* UINavigationController+Extension.swift */,
				EB04BFDD2BCEB2CA009DD7C2 /* Double+Extension.swift */,
				EB04BFDE2BCEB2CA009DD7C2 /* UIButton+Extenison.swift */,
				EB04BFE02BCEB2CA009DD7C2 /* String+Extension.swift */,
				EB04BFE42BCEB2CA009DD7C2 /* UITableView+Extension.swift */,
				EBC28D9B2C3D21AC007EB825 /* ObserverHelper.swift */,
				EBC28D9D2C3D2E6C007EB825 /* CustomPopAnimator.swift */,
			);
			path = Extension;
			sourceTree = "<group>";
		};
		EB07621C2BC32A0B00CFD8CF /* Utils */ = {
			isa = PBXGroup;
			children = (
				EB07621D2BC32A1600CFD8CF /* Extensions */,
				EB07621E2BC32A1E00CFD8CF /* Protocols */,
				EB0762302BC32C4000CFD8CF /* Observable.swift */,
				EB0762322BC32C6F00CFD8CF /* LoadingView.swift */,
			);
			path = Utils;
			sourceTree = "<group>";
		};
		EB07621D2BC32A1600CFD8CF /* Extensions */ = {
			isa = PBXGroup;
			children = (
				EB04BFB72BCEB292009DD7C2 /* UIViewController+Extension.swift */,
				EB0762202BC32A5400CFD8CF /* UIViewController+AddBehaviors.swift */,
				EB0762222BC32A6400CFD8CF /* UIViewController+AddChild.swift */,
				EB0762242BC32A8200CFD8CF /* UIViewController+ActivityIndicator.swift */,
				EB0762262BC32A9300CFD8CF /* UIImageView+ImageSizeAfterAspectFit.swift */,
				EB0762282BC32AA500CFD8CF /* CGSize+ScaledSize.swift */,
				EB07622A2BC32ABF00CFD8CF /* DataTransferError+ConnectionError.swift */,
			);
			path = Extensions;
			sourceTree = "<group>";
		};
		EB07621E2BC32A1E00CFD8CF /* Protocols */ = {
			isa = PBXGroup;
			children = (
				EB07622C2BC32C0300CFD8CF /* Alertable.swift */,
				EB07622E2BC32C1100CFD8CF /* StoryboardInstantiable.swift */,
				EB00529B2BD53D370081540D /* XibInstantiable.swift */,
			);
			path = Protocols;
			sourceTree = "<group>";
		};
		EB1532AC2BDE848D000F3FB9 /* Splash */ = {
			isa = PBXGroup;
			children = (
				EB1532AD2BDE84A3000F3FB9 /* SplashVC.swift */,
				EB1532B32BDE87FF000F3FB9 /* SplashVC.xib */,
			);
			path = Splash;
			sourceTree = "<group>";
		};
		EB4EB2C92BD0432B00CA6540 /* MainScene */ = {
			isa = PBXGroup;
			children = (
				EB0052932BD50E570081540D /* MainSceneDIContainer */,
				EB0052962BD512B50081540D /* Flows */,
				EB4EB2CA2BD0434E00CA6540 /* Feed */,
			);
			path = MainScene;
			sourceTree = "<group>";
		};
		EB4EB2CA2BD0434E00CA6540 /* Feed */ = {
			isa = PBXGroup;
			children = (
				EB4EB2D02BD0438900CA6540 /* Data */,
				EB4EB2D12BD0439000CA6540 /* Domain */,
				EB4EB2D22BD0439600CA6540 /* Presentation */,
			);
			path = Feed;
			sourceTree = "<group>";
		};
		EB4EB2D02BD0438900CA6540 /* Data */ = {
			isa = PBXGroup;
			children = (
				EBBE71B42BD110BD00CA2DFE /* Repositories */,
				EBBE71B52BD110C900CA2DFE /* Network */,
			);
			path = Data;
			sourceTree = "<group>";
		};
		EB4EB2D12BD0439000CA6540 /* Domain */ = {
			isa = PBXGroup;
			children = (
				EBBE71C32BD11EDC00CA2DFE /* Entities */,
				EBBE71C42BD11EE500CA2DFE /* UseCases */,
				EBBE71C52BD11EED00CA2DFE /* Repositories */,
			);
			path = Domain;
			sourceTree = "<group>";
		};
		EB4EB2D22BD0439600CA6540 /* Presentation */ = {
			isa = PBXGroup;
			children = (
				EB4EB2DE2BD0443300CA6540 /* ViewModel */,
				EB4EB2DD2BD0443300CA6540 /* View */,
			);
			path = Presentation;
			sourceTree = "<group>";
		};
		EB4EB2DD2BD0443300CA6540 /* View */ = {
			isa = PBXGroup;
			children = (
				EB54F6C12F298C0300799D06 /* VideoFeedCell */,
				EB54F6C22F298C3D00799D06 /* FeedViewController.swift */,
				EB54F6C32F298C3D00799D06 /* FeedViewController.xib */,
			);
			path = View;
			sourceTree = "<group>";
		};
		EB4EB2DE2BD0443300CA6540 /* ViewModel */ = {
			isa = PBXGroup;
			children = (
				EB54F6BB2F29871700799D06 /* FeedViewModel.swift */,
			);
			path = ViewModel;
			sourceTree = "<group>";
		};
		EB54F6C12F298C0300799D06 /* VideoFeedCell */ = {
			isa = PBXGroup;
			children = (
				EB54F6BE2F29874700799D06 /* VideoFeedCell.swift */,
			);
			path = VideoFeedCell;
			sourceTree = "<group>";
		};
		EBBE71B42BD110BD00CA2DFE /* Repositories */ = {
			isa = PBXGroup;
			children = (
				EB54F6B32F2986B500799D06 /* DefaultVideoRepository.swift */,
			);
			path = Repositories;
			sourceTree = "<group>";
		};
		EBBE71B52BD110C900CA2DFE /* Network */ = {
			isa = PBXGroup;
			children = (
				EB54F6AF2F29866200799D06 /* VideoAPIEndpoints.swift */,
				EBBE71BE2BD118C900CA2DFE /* DataMapping */,
			);
			path = Network;
			sourceTree = "<group>";
		};
		EBBE71BE2BD118C900CA2DFE /* DataMapping */ = {
			isa = PBXGroup;
			children = (
				EB54F6B12F29867E00799D06 /* VideoResponseDTO+Mapping.swift */,
			);
			path = DataMapping;
			sourceTree = "<group>";
		};
		EBBE71C32BD11EDC00CA2DFE /* Entities */ = {
			isa = PBXGroup;
			children = (
				EB54F6B52F2986CE00799D06 /* VideoPost.swift */,
			);
			path = Entities;
			sourceTree = "<group>";
		};
		EBBE71C42BD11EE500CA2DFE /* UseCases */ = {
			isa = PBXGroup;
			children = (
				EB54F6B92F2986F100799D06 /* FetchVideosUseCase.swift */,
			);
			path = UseCases;
			sourceTree = "<group>";
		};
		EBBE71C52BD11EED00CA2DFE /* Repositories */ = {
			isa = PBXGroup;
			children = (
				EB54F6B72F2986E000799D06 /* VideoRepository.swift */,
			);
			path = Repositories;
			sourceTree = "<group>";
		};
		EBCCBE642BBF6488009D1387 = {
			isa = PBXGroup;
			children = (
				EBCCBE6F2BBF6488009D1387 /* SimplifiedInstagramFeed */,
				EBCCBE892BBF6489009D1387 /* SimplifiedInstagramFeedTests */,
				EBCCBE6E2BBF6488009D1387 /* Products */,
				3B1A2F19FCBB1113D60AC685 /* Pods */,
				EBDE36C32C08D7B800E0357D /* Recovered References */,
				9360AA1DD862396AE1A80099 /* Frameworks */,
			);
			sourceTree = "<group>";
		};
		EBCCBE6E2BBF6488009D1387 /* Products */ = {
			isa = PBXGroup;
			children = (
				EBCCBE6D2BBF6488009D1387 /* SimplifiedInstagramFeed.app */,
				EBCCBE862BBF6489009D1387 /* SimplifiedInstagramFeedTests.xctest */,
				EBCCBE902BBF6489009D1387 /* SimplifiedInstagramFeedUITests.xctest */,
			);
			name = Products;
			sourceTree = "<group>";
		};
		EBCCBE6F2BBF6488009D1387 /* SimplifiedInstagramFeed */ = {
			isa = PBXGroup;
			children = (
				EBCCBEA82BBF6549009D1387 /* Application */,
				EB4EB2C92BD0432B00CA6540 /* MainScene */,
				EBCCBEA42BBF651A009D1387 /* Infrasturcture */,
				EBCCBEA92BBF65DC009D1387 /* Common */,
				EB04BF8E2BCE82CB009DD7C2 /* Helpers */,
				EBCCBEA32BBF6503009D1387 /* Resources */,
			);
			path = SimplifiedInstagramFeed;
			sourceTree = "<group>";
		};
		EBCCBE892BBF6489009D1387 /* SimplifiedInstagramFeedTests */ = {
			isa = PBXGroup;
			children = (
				EB54F6C62F29B25300799D06 /* FeedViewControllerTests.swift */,
				EB54F6C72F29B25300799D06 /* FeedViewModelTests.swift */,
			);
			path = SimplifiedInstagramFeedTests;
			sourceTree = "<group>";
		};
		EBCCBEA32BBF6503009D1387 /* Resources */ = {
			isa = PBXGroup;
			children = (
				EB1532AC2BDE848D000F3FB9 /* Splash */,
				EBCCBE7C2BBF6489009D1387 /* Assets.xcassets */,
				EBCCBE812BBF6489009D1387 /* Info.plist */,
				EBCCBE7E2BBF6489009D1387 /* LaunchScreen.storyboard */,
			);
			path = Resources;
			sourceTree = "<group>";
		};
		EBCCBEA42BBF651A009D1387 /* Infrasturcture */ = {
			isa = PBXGroup;
			children = (
				04CE4FCC2BF3769200A43819 /* Basics */,
				EBCCBEAA2BBF6629009D1387 /* Network */,
			);
			path = Infrasturcture;
			sourceTree = "<group>";
		};
		EBCCBEA82BBF6549009D1387 /* Application */ = {
			isa = PBXGroup;
			children = (
				EBCCBE702BBF6488009D1387 /* AppDelegate.swift */,
				EBCCBEB52BBF6988009D1387 /* AppAppearance.swift */,
				EBCCBEBB2BBF69D1009D1387 /* AppFlowCoordinator.swift */,
				EBCCBEB42BBF696F009D1387 /* DIContainer */,
			);
			path = Application;
			sourceTree = "<group>";
		};
		EBCCBEA92BBF65DC009D1387 /* Common */ = {
			isa = PBXGroup;
			children = (
				EB0762342BC32E1100CFD8CF /* ConnectionError.swift */,
			);
			path = Common;
			sourceTree = "<group>";
		};
		EBCCBEAA2BBF6629009D1387 /* Network */ = {
			isa = PBXGroup;
			children = (
				EB07623A2BC32EAB00CFD8CF /* DataTransferService.swift */,
				EB07623C2BC32ECD00CFD8CF /* NetworkService.swift */,
				EB07623E2BC32EF400CFD8CF /* Endpoint.swift */,
				EB0762402BC32F0900CFD8CF /* NetworkConfig.swift */,
				EBAB15752BD69032005420C9 /* BaseURL+EndPoints.swift */,
			);
			path = Network;
			sourceTree = "<group>";
		};
		EBCCBEB42BBF696F009D1387 /* DIContainer */ = {
			isa = PBXGroup;
			children = (
				EB0762422BC33C5A00CFD8CF /* AppDIContainer.swift */,
			);
			path = DIContainer;
			sourceTree = "<group>";
		};
		EBDE36C32C08D7B800E0357D /* Recovered References */ = {
			isa = PBXGroup;
			children = (
				EBCA6DAE2BF204D900A90C1B /* BranchCell.swift */,
				EBCA6DA92BF204D900A90C1B /* BranchModel.swift */,
				EBCA6DA22BF204D900A90C1B /* OfferRepository.swift */,
				EBCA6DAC2BF204D900A90C1B /* OfferViewModel.swift */,
				EBCA6DA02BF204D900A90C1B /* OfferAPIEndpoints.swift */,
				EBCA6DA72BF204D900A90C1B /* OfferUseCase.swift */,
				046EF73D2C08CAFC00C4E034 /* OfferResponseDTO.swift */,
				EBCA6DA52BF204D900A90C1B /* OfferRepositoryProtocol.swift */,
				EBCA6DB12BF204D900A90C1B /* OfferVC.swift */,
				EBCA6D9E2BF204D900A90C1B /* OfferResponseStorage.swift */,
				EBCA6DAF2BF204D900A90C1B /* BranchCell.xib */,
				EBCA6DB22BF204D900A90C1B /* OfferVC.xib */,
			);
			name = "Recovered References";
			sourceTree = "<group>";
		};
/* End PBXGroup section */

/* Begin PBXNativeTarget section */
		EBCCBE6C2BBF6488009D1387 /* SimplifiedInstagramFeed */ = {
			isa = PBXNativeTarget;
			buildConfigurationList = EBCCBE9A2BBF6489009D1387 /* Build configuration list for PBXNativeTarget "SimplifiedInstagramFeed" */;
			buildPhases = (
				21C7F165B264EF147A025D27 /* [CP] Check Pods Manifest.lock */,
				EBCCBE692BBF6488009D1387 /* Sources */,
				EBCCBE6A2BBF6488009D1387 /* Frameworks */,
				EBCCBE6B2BBF6488009D1387 /* Resources */,
				F572C0F10C194175D79FAEB2 /* [CP] Embed Pods Frameworks */,
			);
			buildRules = (
			);
			dependencies = (
			);
			name = SimplifiedInstagramFeed;
			productName = CodeBase;
			productReference = EBCCBE6D2BBF6488009D1387 /* SimplifiedInstagramFeed.app */;
			productType = "com.apple.product-type.application";
		};
		EBCCBE852BBF6489009D1387 /* SimplifiedInstagramFeedTests */ = {
			isa = PBXNativeTarget;
			buildConfigurationList = EBCCBE9D2BBF6489009D1387 /* Build configuration list for PBXNativeTarget "SimplifiedInstagramFeedTests" */;
			buildPhases = (
				F5009185E98E3167C9E7C6C7 /* [CP] Check Pods Manifest.lock */,
				EBCCBE822BBF6489009D1387 /* Sources */,
				EBCCBE832BBF6489009D1387 /* Frameworks */,
				EBCCBE842BBF6489009D1387 /* Resources */,
			);
			buildRules = (
			);
			dependencies = (
				EBCCBE882BBF6489009D1387 /* PBXTargetDependency */,
			);
			name = SimplifiedInstagramFeedTests;
			productName = CodeBaseTests;
			productReference = EBCCBE862BBF6489009D1387 /* SimplifiedInstagramFeedTests.xctest */;
			productType = "com.apple.product-type.bundle.unit-test";
		};
		EBCCBE8F2BBF6489009D1387 /* SimplifiedInstagramFeedUITests */ = {
			isa = PBXNativeTarget;
			buildConfigurationList = EBCCBEA02BBF6489009D1387 /* Build configuration list for PBXNativeTarget "SimplifiedInstagramFeedUITests" */;
			buildPhases = (
				E54850D66F7EA77ED806E9D8 /* [CP] Check Pods Manifest.lock */,
				EBCCBE8C2BBF6489009D1387 /* Sources */,
				EBCCBE8D2BBF6489009D1387 /* Frameworks */,
				EBCCBE8E2BBF6489009D1387 /* Resources */,
				1D90B975006D36CDF35CCAA5 /* [CP] Embed Pods Frameworks */,
			);
			buildRules = (
			);
			dependencies = (
				EBCCBE922BBF6489009D1387 /* PBXTargetDependency */,
			);
			name = SimplifiedInstagramFeedUITests;
			productName = CodeBaseUITests;
			productReference = EBCCBE902BBF6489009D1387 /* SimplifiedInstagramFeedUITests.xctest */;
			productType = "com.apple.product-type.bundle.ui-testing";
		};
/* End PBXNativeTarget section */

/* Begin PBXProject section */
		EBCCBE652BBF6488009D1387 /* Project object */ = {
			isa = PBXProject;
			attributes = {
				BuildIndependentTargetsInParallel = 1;
				LastSwiftUpdateCheck = 1520;
				LastUpgradeCheck = 1520;
				TargetAttributes = {
					EBCCBE6C2BBF6488009D1387 = {
						CreatedOnToolsVersion = 15.2;
					};
					EBCCBE852BBF6489009D1387 = {
						CreatedOnToolsVersion = 15.2;
						TestTargetID = EBCCBE6C2BBF6488009D1387;
					};
					EBCCBE8F2BBF6489009D1387 = {
						CreatedOnToolsVersion = 15.2;
						TestTargetID = EBCCBE6C2BBF6488009D1387;
					};
				};
			};
			buildConfigurationList = EBCCBE682BBF6488009D1387 /* Build configuration list for PBXProject "SimplifiedInstagramFeed" */;
			compatibilityVersion = "Xcode 14.0";
			developmentRegion = en;
			hasScannedForEncodings = 0;
			knownRegions = (
				en,
				Base,
				ar,
			);
			mainGroup = EBCCBE642BBF6488009D1387;
			productRefGroup = EBCCBE6E2BBF6488009D1387 /* Products */;
			projectDirPath = "";
			projectRoot = "";
			targets = (
				EBCCBE6C2BBF6488009D1387 /* SimplifiedInstagramFeed */,
				EBCCBE852BBF6489009D1387 /* SimplifiedInstagramFeedTests */,
				EBCCBE8F2BBF6489009D1387 /* SimplifiedInstagramFeedUITests */,
			);
		};
/* End PBXProject section */

/* Begin PBXResourcesBuildPhase section */
		EBCCBE6B2BBF6488009D1387 /* Resources */ = {
			isa = PBXResourcesBuildPhase;
			buildActionMask = 2147483647;
			files = (
				EBCCBE802BBF6489009D1387 /* LaunchScreen.storyboard in Resources */,
				EBCCBE7D2BBF6489009D1387 /* Assets.xcassets in Resources */,
				EB54F6C52F298C3D00799D06 /* FeedViewController.xib in Resources */,
				EB1532B42BDE87FF000F3FB9 /* SplashVC.xib in Resources */,
			);
			runOnlyForDeploymentPostprocessing = 0;
		};
		EBCCBE842BBF6489009D1387 /* Resources */ = {
			isa = PBXResourcesBuildPhase;
			buildActionMask = 2147483647;
			files = (
			);
			runOnlyForDeploymentPostprocessing = 0;
		};
		EBCCBE8E2BBF6489009D1387 /* Resources */ = {
			isa = PBXResourcesBuildPhase;
			buildActionMask = 2147483647;
			files = (
			);
			runOnlyForDeploymentPostprocessing = 0;
		};
/* End PBXResourcesBuildPhase section */

/* Begin PBXShellScriptBuildPhase section */
		1D90B975006D36CDF35CCAA5 /* [CP] Embed Pods Frameworks */ = {
			isa = PBXShellScriptBuildPhase;
			buildActionMask = 2147483647;
			files = (
			);
			inputFileListPaths = (
				"${PODS_ROOT}/Target Support Files/Pods-GentleMan2024-GentleMan2024UITests/Pods-GentleMan2024-GentleMan2024UITests-frameworks-${CONFIGURATION}-input-files.xcfilelist",
			);
			inputPaths = (
			);
			name = "[CP] Embed Pods Frameworks";
			outputFileListPaths = (
				"${PODS_ROOT}/Target Support Files/Pods-GentleMan2024-GentleMan2024UITests/Pods-GentleMan2024-GentleMan2024UITests-frameworks-${CONFIGURATION}-output-files.xcfilelist",
			);
			outputPaths = (
			);
			runOnlyForDeploymentPostprocessing = 0;
			shellPath = /bin/sh;
			shellScript = "\"${PODS_ROOT}/Target Support Files/Pods-GentleMan2024-GentleMan2024UITests/Pods-GentleMan2024-GentleMan2024UITests-frameworks.sh\"\n";
			showEnvVarsInLog = 0;
		};
		21C7F165B264EF147A025D27 /* [CP] Check Pods Manifest.lock */ = {
			isa = PBXShellScriptBuildPhase;
			buildActionMask = 2147483647;
			files = (
			);
			inputFileListPaths = (
			);
			inputPaths = (
				"${PODS_PODFILE_DIR_PATH}/Podfile.lock",
				"${PODS_ROOT}/Manifest.lock",
			);
			name = "[CP] Check Pods Manifest.lock";
			outputFileListPaths = (
			);
			outputPaths = (
				"$(DERIVED_FILE_DIR)/Pods-GentleMan2024-checkManifestLockResult.txt",
			);
			runOnlyForDeploymentPostprocessing = 0;
			shellPath = /bin/sh;
			shellScript = "diff \"${PODS_PODFILE_DIR_PATH}/Podfile.lock\" \"${PODS_ROOT}/Manifest.lock\" > /dev/null\nif [ $? != 0 ] ; then\n    # print error to STDERR\n    echo \"error: The sandbox is not in sync with the Podfile.lock. Run 'pod install' or update your CocoaPods installation.\" >&2\n    exit 1\nfi\n# This output is used by Xcode 'outputs' to avoid re-running this script phase.\necho \"SUCCESS\" > \"${SCRIPT_OUTPUT_FILE_0}\"\n";
			showEnvVarsInLog = 0;
		};
		E54850D66F7EA77ED806E9D8 /* [CP] Check Pods Manifest.lock */ = {
			isa = PBXShellScriptBuildPhase;
			buildActionMask = 2147483647;
			files = (
			);
			inputFileListPaths = (
			);
			inputPaths = (
				"${PODS_PODFILE_DIR_PATH}/Podfile.lock",
				"${PODS_ROOT}/Manifest.lock",
			);
			name = "[CP] Check Pods Manifest.lock";
			outputFileListPaths = (
			);
			outputPaths = (
				"$(DERIVED_FILE_DIR)/Pods-GentleMan2024-GentleMan2024UITests-checkManifestLockResult.txt",
			);
			runOnlyForDeploymentPostprocessing = 0;
			shellPath = /bin/sh;
			shellScript = "diff \"${PODS_PODFILE_DIR_PATH}/Podfile.lock\" \"${PODS_ROOT}/Manifest.lock\" > /dev/null\nif [ $? != 0 ] ; then\n    # print error to STDERR\n    echo \"error: The sandbox is not in sync with the Podfile.lock. Run 'pod install' or update your CocoaPods installation.\" >&2\n    exit 1\nfi\n# This output is used by Xcode 'outputs' to avoid re-running this script phase.\necho \"SUCCESS\" > \"${SCRIPT_OUTPUT_FILE_0}\"\n";
			showEnvVarsInLog = 0;
		};
		F5009185E98E3167C9E7C6C7 /* [CP] Check Pods Manifest.lock */ = {
			isa = PBXShellScriptBuildPhase;
			buildActionMask = 2147483647;
			files = (
			);
			inputFileListPaths = (
			);
			inputPaths = (
				"${PODS_PODFILE_DIR_PATH}/Podfile.lock",
				"${PODS_ROOT}/Manifest.lock",
			);
			name = "[CP] Check Pods Manifest.lock";
			outputFileListPaths = (
			);
			outputPaths = (
				"$(DERIVED_FILE_DIR)/Pods-GentleMan2024Tests-checkManifestLockResult.txt",
			);
			runOnlyForDeploymentPostprocessing = 0;
			shellPath = /bin/sh;
			shellScript = "diff \"${PODS_PODFILE_DIR_PATH}/Podfile.lock\" \"${PODS_ROOT}/Manifest.lock\" > /dev/null\nif [ $? != 0 ] ; then\n    # print error to STDERR\n    echo \"error: The sandbox is not in sync with the Podfile.lock. Run 'pod install' or update your CocoaPods installation.\" >&2\n    exit 1\nfi\n# This output is used by Xcode 'outputs' to avoid re-running this script phase.\necho \"SUCCESS\" > \"${SCRIPT_OUTPUT_FILE_0}\"\n";
			showEnvVarsInLog = 0;
		};
		F572C0F10C194175D79FAEB2 /* [CP] Embed Pods Frameworks */ = {
			isa = PBXShellScriptBuildPhase;
			buildActionMask = 2147483647;
			files = (
			);
			inputFileListPaths = (
				"${PODS_ROOT}/Target Support Files/Pods-GentleMan2024/Pods-GentleMan2024-frameworks-${CONFIGURATION}-input-files.xcfilelist",
			);
			inputPaths = (
			);
			name = "[CP] Embed Pods Frameworks";
			outputFileListPaths = (
				"${PODS_ROOT}/Target Support Files/Pods-GentleMan2024/Pods-GentleMan2024-frameworks-${CONFIGURATION}-output-files.xcfilelist",
			);
			outputPaths = (
			);
			runOnlyForDeploymentPostprocessing = 0;
			shellPath = /bin/sh;
			shellScript = "\"${PODS_ROOT}/Target Support Files/Pods-GentleMan2024/Pods-GentleMan2024-frameworks.sh\"\n";
			showEnvVarsInLog = 0;
		};
/* End PBXShellScriptBuildPhase section */

/* Begin PBXSourcesBuildPhase section */
		EBCCBE692BBF6488009D1387 /* Sources */ = {
			isa = PBXSourcesBuildPhase;
			buildActionMask = 2147483647;
			files = (
				EB07622B2BC32ABF00CFD8CF /* DataTransferError+ConnectionError.swift in Sources */,
				EB0762312BC32C4000CFD8CF /* Observable.swift in Sources */,
				EB0052982BD512EB0081540D /* MainFlowCoordinatorDependencies.swift in Sources */,
				EB04BFF12BCEB2CA009DD7C2 /* String+Extension.swift in Sources */,
				EB00529C2BD53D370081540D /* XibInstantiable.swift in Sources */,
				EBC28D9E2C3D2E6C007EB825 /* CustomPopAnimator.swift in Sources */,
				EB04BFEB2BCEB2CA009DD7C2 /* UIImage+Extension.swift in Sources */,
				EB0762412BC32F0900CFD8CF /* NetworkConfig.swift in Sources */,
				EB07623B2BC32EAB00CFD8CF /* DataTransferService.swift in Sources */,
				EB04BFEA2BCEB2CA009DD7C2 /* UIView+Extension.swift in Sources */,
				EB04BFE62BCEB2CA009DD7C2 /* UIResponder+Extension.swift in Sources */,
				EBCCBE712BBF6488009D1387 /* AppDelegate.swift in Sources */,
				EB04BFEF2BCEB2CA009DD7C2 /* UIButton+Extenison.swift in Sources */,
				EB0762272BC32A9300CFD8CF /* UIImageView+ImageSizeAfterAspectFit.swift in Sources */,
				EB54F6BC2F29871700799D06 /* FeedViewModel.swift in Sources */,
				EB54F6BA2F2986F100799D06 /* FetchVideosUseCase.swift in Sources */,
				EB0762432BC33C5A00CFD8CF /* AppDIContainer.swift in Sources */,
				EB04BFEC2BCEB2CA009DD7C2 /* UINavigationController+Extension.swift in Sources */,
				EB0762332BC32C6F00CFD8CF /* LoadingView.swift in Sources */,
				EB07622F2BC32C1100CFD8CF /* StoryboardInstantiable.swift in Sources */,
				EB04BFE92BCEB2CA009DD7C2 /* UILabel+Extension.swift in Sources */,
				EBAB15762BD69032005420C9 /* BaseURL+EndPoints.swift in Sources */,
				EB54F6B62F2986CE00799D06 /* VideoPost.swift in Sources */,
				EB04BF912BCE82F1009DD7C2 /* Constants.swift in Sources */,
				EB04BFE72BCEB2CA009DD7C2 /* UIColor+Extension.swift in Sources */,
				EB07622D2BC32C0300CFD8CF /* Alertable.swift in Sources */,
				EB54F6B42F2986B500799D06 /* DefaultVideoRepository.swift in Sources */,
				EB0762292BC32AA500CFD8CF /* CGSize+ScaledSize.swift in Sources */,
				EB0762252BC32A8200CFD8CF /* UIViewController+ActivityIndicator.swift in Sources */,
				EB07623D2BC32ECD00CFD8CF /* NetworkService.swift in Sources */,
				EBC28D9C2C3D21AC007EB825 /* ObserverHelper.swift in Sources */,
				EB0762212BC32A5400CFD8CF /* UIViewController+AddBehaviors.swift in Sources */,
				EB04BFC82BCEB292009DD7C2 /* UIViewController+Extension.swift in Sources */,
				EB54F6B22F29867E00799D06 /* VideoResponseDTO+Mapping.swift in Sources */,
				EB0052952BD50E610081540D /* MainSceneDIContainer.swift in Sources */,
				EB04BFEE2BCEB2CA009DD7C2 /* Double+Extension.swift in Sources */,
				EB54F6C42F298C3D00799D06 /* FeedViewController.swift in Sources */,
				EB0762352BC32E1100CFD8CF /* ConnectionError.swift in Sources */,
				EB1532AF2BDE84A3000F3FB9 /* SplashVC.swift in Sources */,
				EB005DD42C285A8900428216 /* CircularProgressView.swift in Sources */,
				EBCCBEBC2BBF69D1009D1387 /* AppFlowCoordinator.swift in Sources */,
				04CE4FD02BF376BC00A43819 /* UIStackViewExtension.swift in Sources */,
				EB54F6BF2F29874700799D06 /* VideoFeedCell.swift in Sources */,
				EB54F6B02F29866200799D06 /* VideoAPIEndpoints.swift in Sources */,
				EBCCBEB62BBF6988009D1387 /* AppAppearance.swift in Sources */,
				0413BB0A2BFB2E2E0011F7E1 /* BasicEnum.swift in Sources */,
				EB04BFF52BCEB2CA009DD7C2 /* UITableView+Extension.swift in Sources */,
				EB07623F2BC32EF400CFD8CF /* Endpoint.swift in Sources */,
				04CE4FCE2BF3769200A43819 /* BaseViewController.swift in Sources */,
				EB04BFE52BCEB2CA009DD7C2 /* CollectionView+Extension.swift in Sources */,
				EB0762232BC32A6400CFD8CF /* UIViewController+AddChild.swift in Sources */,
				EB54F6B82F2986E000799D06 /* VideoRepository.swift in Sources */,
			);
			runOnlyForDeploymentPostprocessing = 0;
		};
		EBCCBE822BBF6489009D1387 /* Sources */ = {
			isa = PBXSourcesBuildPhase;
			buildActionMask = 2147483647;
			files = (
				EB54F6C82F29B25300799D06 /* FeedViewModelTests.swift in Sources */,
				EB54F6C92F29B25300799D06 /* FeedViewControllerTests.swift in Sources */,
			);
			runOnlyForDeploymentPostprocessing = 0;
		};
		EBCCBE8C2BBF6489009D1387 /* Sources */ = {
			isa = PBXSourcesBuildPhase;
			buildActionMask = 2147483647;
			files = (
			);
			runOnlyForDeploymentPostprocessing = 0;
		};
/* End PBXSourcesBuildPhase section */

/* Begin PBXTargetDependency section */
		EBCCBE882BBF6489009D1387 /* PBXTargetDependency */ = {
			isa = PBXTargetDependency;
			target = EBCCBE6C2BBF6488009D1387 /* SimplifiedInstagramFeed */;
			targetProxy = EBCCBE872BBF6489009D1387 /* PBXContainerItemProxy */;
		};
		EBCCBE922BBF6489009D1387 /* PBXTargetDependency */ = {
			isa = PBXTargetDependency;
			target = EBCCBE6C2BBF6488009D1387 /* SimplifiedInstagramFeed */;
			targetProxy = EBCCBE912BBF6489009D1387 /* PBXContainerItemProxy */;
		};
/* End PBXTargetDependency section */

/* Begin PBXVariantGroup section */
		EBCCBE7E2BBF6489009D1387 /* LaunchScreen.storyboard */ = {
			isa = PBXVariantGroup;
			children = (
				EBCCBE7F2BBF6489009D1387 /* Base */,
			);
			name = LaunchScreen.storyboard;
			sourceTree = "<group>";
		};
/* End PBXVariantGroup section */

/* Begin XCBuildConfiguration section */
		EBCCBE982BBF6489009D1387 /* Debug */ = {
			isa = XCBuildConfiguration;
			buildSettings = {
				ALWAYS_SEARCH_USER_PATHS = NO;
				ASSETCATALOG_COMPILER_GENERATE_SWIFT_ASSET_SYMBOL_EXTENSIONS = YES;
				CLANG_ANALYZER_LOCALIZABILITY_NONLOCALIZED = YES;
				CLANG_ANALYZER_NONNULL = YES;
				CLANG_ANALYZER_NUMBER_OBJECT_CONVERSION = YES_AGGRESSIVE;
				CLANG_CXX_LANGUAGE_STANDARD = "gnu++20";
				CLANG_ENABLE_MODULES = YES;
				CLANG_ENABLE_OBJC_ARC = YES;
				CLANG_ENABLE_OBJC_WEAK = YES;
				CLANG_WARN_BLOCK_CAPTURE_AUTORELEASING = YES;
				CLANG_WARN_BOOL_CONVERSION = YES;
				CLANG_WARN_COMMA = YES;
				CLANG_WARN_CONSTANT_CONVERSION = YES;
				CLANG_WARN_DEPRECATED_OBJC_IMPLEMENTATIONS = YES;
				CLANG_WARN_DIRECT_OBJC_ISA_USAGE = YES_ERROR;
				CLANG_WARN_DOCUMENTATION_COMMENTS = YES;
				CLANG_WARN_EMPTY_BODY = YES;
				CLANG_WARN_ENUM_CONVERSION = YES;
				CLANG_WARN_INFINITE_RECURSION = YES;
				CLANG_WARN_INT_CONVERSION = YES;
				CLANG_WARN_NON_LITERAL_NULL_CONVERSION = YES;
				CLANG_WARN_OBJC_IMPLICIT_RETAIN_SELF = YES;
				CLANG_WARN_OBJC_LITERAL_CONVERSION = YES;
				CLANG_WARN_OBJC_ROOT_CLASS = YES_ERROR;
				CLANG_WARN_QUOTED_INCLUDE_IN_FRAMEWORK_HEADER = YES;
				CLANG_WARN_RANGE_LOOP_ANALYSIS = YES;
				CLANG_WARN_STRICT_PROTOTYPES = YES;
				CLANG_WARN_SUSPICIOUS_MOVE = YES;
				CLANG_WARN_UNGUARDED_AVAILABILITY = YES_AGGRESSIVE;
				CLANG_WARN_UNREACHABLE_CODE = YES;
				CLANG_WARN__DUPLICATE_METHOD_MATCH = YES;
				COPY_PHASE_STRIP = NO;
				DEBUG_INFORMATION_FORMAT = dwarf;
				ENABLE_STRICT_OBJC_MSGSEND = YES;
				ENABLE_TESTABILITY = YES;
				ENABLE_USER_SCRIPT_SANDBOXING = YES;
				GCC_C_LANGUAGE_STANDARD = gnu17;
				GCC_DYNAMIC_NO_PIC = NO;
				GCC_NO_COMMON_BLOCKS = YES;
				GCC_OPTIMIZATION_LEVEL = 0;
				GCC_PREPROCESSOR_DEFINITIONS = "DEBUG=1";
				GCC_WARN_64_TO_32_BIT_CONVERSION = YES;
				GCC_WARN_ABOUT_RETURN_TYPE = YES_ERROR;
				GCC_WARN_UNDECLARED_SELECTOR = YES;
				GCC_WARN_UNINITIALIZED_AUTOS = YES_AGGRESSIVE;
				GCC_WARN_UNUSED_FUNCTION = YES;
				GCC_WARN_UNUSED_VARIABLE = YES;
				IPHONEOS_DEPLOYMENT_TARGET = 15.0;
				LOCALIZATION_PREFERS_STRING_CATALOGS = YES;
				MTL_ENABLE_DEBUG_INFO = INCLUDE_SOURCE;
				MTL_FAST_MATH = YES;
				ONLY_ACTIVE_ARCH = YES;
				SDKROOT = iphoneos;
				SWIFT_ACTIVE_COMPILATION_CONDITIONS = "DEBUG $(inherited)";
				SWIFT_OPTIMIZATION_LEVEL = "-Onone";
			};
			name = Debug;
		};
		EBCCBE992BBF6489009D1387 /* Release */ = {
			isa = XCBuildConfiguration;
			buildSettings = {
				ALWAYS_SEARCH_USER_PATHS = NO;
				ASSETCATALOG_COMPILER_GENERATE_SWIFT_ASSET_SYMBOL_EXTENSIONS = YES;
				CLANG_ANALYZER_LOCALIZABILITY_NONLOCALIZED = YES;
				CLANG_ANALYZER_NONNULL = YES;
				CLANG_ANALYZER_NUMBER_OBJECT_CONVERSION = YES_AGGRESSIVE;
				CLANG_CXX_LANGUAGE_STANDARD = "gnu++20";
				CLANG_ENABLE_MODULES = YES;
				CLANG_ENABLE_OBJC_ARC = YES;
				CLANG_ENABLE_OBJC_WEAK = YES;
				CLANG_WARN_BLOCK_CAPTURE_AUTORELEASING = YES;
				CLANG_WARN_BOOL_CONVERSION = YES;
				CLANG_WARN_COMMA = YES;
				CLANG_WARN_CONSTANT_CONVERSION = YES;
				CLANG_WARN_DEPRECATED_OBJC_IMPLEMENTATIONS = YES;
				CLANG_WARN_DIRECT_OBJC_ISA_USAGE = YES_ERROR;
				CLANG_WARN_DOCUMENTATION_COMMENTS = YES;
				CLANG_WARN_EMPTY_BODY = YES;
				CLANG_WARN_ENUM_CONVERSION = YES;
				CLANG_WARN_INFINITE_RECURSION = YES;
				CLANG_WARN_INT_CONVERSION = YES;
				CLANG_WARN_NON_LITERAL_NULL_CONVERSION = YES;
				CLANG_WARN_OBJC_IMPLICIT_RETAIN_SELF = YES;
				CLANG_WARN_OBJC_LITERAL_CONVERSION = YES;
				CLANG_WARN_OBJC_ROOT_CLASS = YES_ERROR;
				CLANG_WARN_QUOTED_INCLUDE_IN_FRAMEWORK_HEADER = YES;
				CLANG_WARN_RANGE_LOOP_ANALYSIS = YES;
				CLANG_WARN_STRICT_PROTOTYPES = YES;
				CLANG_WARN_SUSPICIOUS_MOVE = YES;
				CLANG_WARN_UNGUARDED_AVAILABILITY = YES_AGGRESSIVE;
				CLANG_WARN_UNREACHABLE_CODE = YES;
				CLANG_WARN__DUPLICATE_METHOD_MATCH = YES;
				COPY_PHASE_STRIP = NO;
				DEBUG_INFORMATION_FORMAT = "dwarf-with-dsym";
				ENABLE_NS_ASSERTIONS = NO;
				ENABLE_STRICT_OBJC_MSGSEND = YES;
				ENABLE_USER_SCRIPT_SANDBOXING = YES;
				GCC_C_LANGUAGE_STANDARD = gnu17;
				GCC_NO_COMMON_BLOCKS = YES;
				GCC_PREPROCESSOR_DEFINITIONS = "";
				GCC_WARN_64_TO_32_BIT_CONVERSION = YES;
				GCC_WARN_ABOUT_RETURN_TYPE = YES_ERROR;
				GCC_WARN_UNDECLARED_SELECTOR = YES;
				GCC_WARN_UNINITIALIZED_AUTOS = YES_AGGRESSIVE;
				GCC_WARN_UNUSED_FUNCTION = YES;
				GCC_WARN_UNUSED_VARIABLE = YES;
				IPHONEOS_DEPLOYMENT_TARGET = 15.0;
				LOCALIZATION_PREFERS_STRING_CATALOGS = YES;
				MTL_ENABLE_DEBUG_INFO = NO;
				MTL_FAST_MATH = YES;
				SDKROOT = iphoneos;
				SWIFT_COMPILATION_MODE = wholemodule;
				VALIDATE_PRODUCT = YES;
			};
			name = Release;
		};
		EBCCBE9B2BBF6489009D1387 /* Debug */ = {
			isa = XCBuildConfiguration;
			baseConfigurationReference = 7F1EEE099378F22ED1F9E1A5 /* Pods-GentleMan2024.debug.xcconfig */;
			buildSettings = {
				ASSETCATALOG_COMPILER_APPICON_NAME = AppIcon;
				ASSETCATALOG_COMPILER_GLOBAL_ACCENT_COLOR_NAME = AccentColor;
				CODE_SIGN_ENTITLEMENTS = "";
				CODE_SIGN_IDENTITY = "Apple Development";
				CODE_SIGN_STYLE = Automatic;
				CURRENT_PROJECT_VERSION = 1;
				DEVELOPMENT_TEAM = 5N6982ZMG8;
				ENABLE_USER_SCRIPT_SANDBOXING = NO;
				GENERATE_INFOPLIST_FILE = YES;
				INFOPLIST_FILE = SimplifiedInstagramFeed/Resources/info.plist;
				INFOPLIST_KEY_CFBundleDisplayName = "Instagram Feed";
				INFOPLIST_KEY_ITSAppUsesNonExemptEncryption = NO;
				INFOPLIST_KEY_NSCalendarsUsageDescription = "Oriental Relax need access to your calendar to add appointments.";
				INFOPLIST_KEY_NSCameraUsageDescription = "Oriental Relax App needs access to your camera to let you choose a picture for your profile.";
				INFOPLIST_KEY_NSLocationAlwaysAndWhenInUseUsageDescription = "Oriental Relax App uses your location to display nearby salon branches, making it easy for you to find and book services based on your current area.";
				INFOPLIST_KEY_NSLocationAlwaysUsageDescription = "Oriental Relax App uses your location to display nearby salon branches, making it easy for you to find and book services based on your current area.";
				INFOPLIST_KEY_NSLocationWhenInUseUsageDescription = "Oriental Relax App uses your location to display nearby salon branches, making it easy for you to find and book services based on your current area.";
				INFOPLIST_KEY_NSMicrophoneUsageDescription = "For secure verification on the checkout step";
				INFOPLIST_KEY_NSPhotoLibraryUsageDescription = "Oriental Relax App needs access to your photo library to let you choose a picture for your profile.";
				INFOPLIST_KEY_UIApplicationSupportsIndirectInputEvents = YES;
				INFOPLIST_KEY_UILaunchStoryboardName = LaunchScreen;
				INFOPLIST_KEY_UIStatusBarStyle = UIStatusBarStyleDarkContent;
				INFOPLIST_KEY_UISupportedInterfaceOrientations = UIInterfaceOrientationPortrait;
				INFOPLIST_KEY_UISupportedInterfaceOrientations_iPad = "UIInterfaceOrientationLandscapeLeft UIInterfaceOrientationLandscapeRight UIInterfaceOrientationPortrait UIInterfaceOrientationPortraitUpsideDown";
				INFOPLIST_KEY_UIUserInterfaceStyle = Light;
				IPHONEOS_DEPLOYMENT_TARGET = 14.1;
				LD_RUNPATH_SEARCH_PATHS = (
					"$(inherited)",
					"@executable_path/Frameworks",
				);
				MARKETING_VERSION = 1.0;
				ONLY_ACTIVE_ARCH = YES;
				PRODUCT_BUNDLE_IDENTIFIER = com.mohamed.InstagramFeed;
				PRODUCT_NAME = "$(TARGET_NAME)";
				PROVISIONING_PROFILE_SPECIFIER = "";
				SUPPORTED_PLATFORMS = "iphoneos iphonesimulator";
				SUPPORTS_MACCATALYST = NO;
				SUPPORTS_MAC_DESIGNED_FOR_IPHONE_IPAD = NO;
				SUPPORTS_XR_DESIGNED_FOR_IPHONE_IPAD = NO;
				SWIFT_EMIT_LOC_STRINGS = YES;
				SWIFT_VERSION = 5.0;
				TARGETED_DEVICE_FAMILY = "1,2";
				VALID_ARCHS = arm64;
			};
			name = Debug;
		};
		EBCCBE9C2BBF6489009D1387 /* Release */ = {
			isa = XCBuildConfiguration;
			baseConfigurationReference = 1B0473638473EE9C7BB8648F /* Pods-GentleMan2024.release.xcconfig */;
			buildSettings = {
				ASSETCATALOG_COMPILER_APPICON_NAME = AppIcon;
				ASSETCATALOG_COMPILER_GLOBAL_ACCENT_COLOR_NAME = AccentColor;
				CODE_SIGN_ENTITLEMENTS = "";
				CODE_SIGN_IDENTITY = "Apple Development";
				CODE_SIGN_STYLE = Automatic;
				CURRENT_PROJECT_VERSION = 1;
				DEVELOPMENT_TEAM = 5N6982ZMG8;
				ENABLE_USER_SCRIPT_SANDBOXING = NO;
				GENERATE_INFOPLIST_FILE = YES;
				INFOPLIST_FILE = SimplifiedInstagramFeed/Resources/info.plist;
				INFOPLIST_KEY_CFBundleDisplayName = "Instagram Feed";
				INFOPLIST_KEY_ITSAppUsesNonExemptEncryption = NO;
				INFOPLIST_KEY_NSCalendarsUsageDescription = "Oriental Relax need access to your calendar to add appointments.";
				INFOPLIST_KEY_NSCameraUsageDescription = "Oriental Relax App needs access to your camera to let you choose a picture for your profile.";
				INFOPLIST_KEY_NSLocationAlwaysAndWhenInUseUsageDescription = "Oriental Relax App uses your location to display nearby salon branches, making it easy for you to find and book services based on your current area.";
				INFOPLIST_KEY_NSLocationAlwaysUsageDescription = "Oriental Relax App uses your location to display nearby salon branches, making it easy for you to find and book services based on your current area.";
				INFOPLIST_KEY_NSLocationWhenInUseUsageDescription = "Oriental Relax App uses your location to display nearby salon branches, making it easy for you to find and book services based on your current area.";
				INFOPLIST_KEY_NSMicrophoneUsageDescription = "For secure verification on the checkout step";
				INFOPLIST_KEY_NSPhotoLibraryUsageDescription = "Oriental Relax App needs access to your photo library to let you choose a picture for your profile.";
				INFOPLIST_KEY_UIApplicationSupportsIndirectInputEvents = YES;
				INFOPLIST_KEY_UILaunchStoryboardName = LaunchScreen;
				INFOPLIST_KEY_UIStatusBarStyle = UIStatusBarStyleDarkContent;
				INFOPLIST_KEY_UISupportedInterfaceOrientations = UIInterfaceOrientationPortrait;
				INFOPLIST_KEY_UISupportedInterfaceOrientations_iPad = "UIInterfaceOrientationLandscapeLeft UIInterfaceOrientationLandscapeRight UIInterfaceOrientationPortrait UIInterfaceOrientationPortraitUpsideDown";
				INFOPLIST_KEY_UIUserInterfaceStyle = Light;
				IPHONEOS_DEPLOYMENT_TARGET = 14.1;
				LD_RUNPATH_SEARCH_PATHS = (
					"$(inherited)",
					"@executable_path/Frameworks",
				);
				MARKETING_VERSION = 1.0;
				ONLY_ACTIVE_ARCH = NO;
				PRODUCT_BUNDLE_IDENTIFIER = com.mohamed.InstagramFeed;
				PRODUCT_NAME = "$(TARGET_NAME)";
				PROVISIONING_PROFILE_SPECIFIER = "";
				SUPPORTED_PLATFORMS = "iphoneos iphonesimulator";
				SUPPORTS_MACCATALYST = NO;
				SUPPORTS_MAC_DESIGNED_FOR_IPHONE_IPAD = NO;
				SUPPORTS_XR_DESIGNED_FOR_IPHONE_IPAD = NO;
				SWIFT_EMIT_LOC_STRINGS = YES;
				SWIFT_VERSION = 5.0;
				TARGETED_DEVICE_FAMILY = "1,2";
				VALID_ARCHS = arm64;
			};
			name = Release;
		};
		EBCCBE9E2BBF6489009D1387 /* Debug */ = {
			isa = XCBuildConfiguration;
			baseConfigurationReference = 59E5DBEECA5F320C704C7A98 /* Pods-GentleMan2024Tests.debug.xcconfig */;
			buildSettings = {
				BUNDLE_LOADER = "$(TEST_HOST)";
				CODE_SIGN_STYLE = Automatic;
				CURRENT_PROJECT_VERSION = 92;
				GENERATE_INFOPLIST_FILE = YES;
				IPHONEOS_DEPLOYMENT_TARGET = 17.2;
				MARKETING_VERSION = 1.0;
				PRODUCT_BUNDLE_IDENTIFIER = glamera.co.CodeBaseTests;
				PRODUCT_NAME = "$(TARGET_NAME)";
				SWIFT_EMIT_LOC_STRINGS = NO;
				SWIFT_VERSION = 5.0;
				TARGETED_DEVICE_FAMILY = "1,2";
				TEST_HOST = "$(BUILT_PRODUCTS_DIR)/SimplifiedInstagramFeed.app/$(BUNDLE_EXECUTABLE_FOLDER_PATH)/SimplifiedInstagramFeed";
			};
			name = Debug;
		};
		EBCCBE9F2BBF6489009D1387 /* Release */ = {
			isa = XCBuildConfiguration;
			baseConfigurationReference = 88AE4D8CB000CA8EA0101487 /* Pods-GentleMan2024Tests.release.xcconfig */;
			buildSettings = {
				BUNDLE_LOADER = "$(TEST_HOST)";
				CODE_SIGN_STYLE = Automatic;
				CURRENT_PROJECT_VERSION = 92;
				GENERATE_INFOPLIST_FILE = YES;
				IPHONEOS_DEPLOYMENT_TARGET = 17.2;
				MARKETING_VERSION = 1.0;
				PRODUCT_BUNDLE_IDENTIFIER = glamera.co.CodeBaseTests;
				PRODUCT_NAME = "$(TARGET_NAME)";
				SWIFT_EMIT_LOC_STRINGS = NO;
				SWIFT_VERSION = 5.0;
				TARGETED_DEVICE_FAMILY = "1,2";
				TEST_HOST = "$(BUILT_PRODUCTS_DIR)/SimplifiedInstagramFeed.app/$(BUNDLE_EXECUTABLE_FOLDER_PATH)/SimplifiedInstagramFeed";
			};
			name = Release;
		};
		EBCCBEA12BBF6489009D1387 /* Debug */ = {
			isa = XCBuildConfiguration;
			baseConfigurationReference = D299529DA53AE85D780BCF6F /* Pods-GentleMan2024-GentleMan2024UITests.debug.xcconfig */;
			buildSettings = {
				CODE_SIGNING_REQUIRED = NO;
				CODE_SIGN_IDENTITY = "";
				CODE_SIGN_STYLE = Automatic;
				CURRENT_PROJECT_VERSION = 92;
				GENERATE_INFOPLIST_FILE = YES;
				IPHONEOS_DEPLOYMENT_TARGET = 14.1;
				MARKETING_VERSION = 1.0;
				PRODUCT_BUNDLE_IDENTIFIER = glamera.co.CodeBaseUITests;
				PRODUCT_NAME = "$(TARGET_NAME)";
				SWIFT_EMIT_LOC_STRINGS = NO;
				SWIFT_VERSION = 5.0;
				TARGETED_DEVICE_FAMILY = "1,2";
				TEST_TARGET_NAME = CodeBase;
			};
			name = Debug;
		};
		EBCCBEA22BBF6489009D1387 /* Release */ = {
			isa = XCBuildConfiguration;
			baseConfigurationReference = 6304F4ED1CE8A802B74C0977 /* Pods-GentleMan2024-GentleMan2024UITests.release.xcconfig */;
			buildSettings = {
				CODE_SIGNING_REQUIRED = NO;
				CODE_SIGN_IDENTITY = "";
				CODE_SIGN_STYLE = Automatic;
				CURRENT_PROJECT_VERSION = 92;
				GENERATE_INFOPLIST_FILE = YES;
				IPHONEOS_DEPLOYMENT_TARGET = 14.1;
				MARKETING_VERSION = 1.0;
				PRODUCT_BUNDLE_IDENTIFIER = glamera.co.CodeBaseUITests;
				PRODUCT_NAME = "$(TARGET_NAME)";
				SWIFT_EMIT_LOC_STRINGS = NO;
				SWIFT_VERSION = 5.0;
				TARGETED_DEVICE_FAMILY = "1,2";
				TEST_TARGET_NAME = CodeBase;
			};
			name = Release;
		};
/* End XCBuildConfiguration section */

/* Begin XCConfigurationList section */
		EBCCBE682BBF6488009D1387 /* Build configuration list for PBXProject "SimplifiedInstagramFeed" */ = {
			isa = XCConfigurationList;
			buildConfigurations = (
				EBCCBE982BBF6489009D1387 /* Debug */,
				EBCCBE992BBF6489009D1387 /* Release */,
			);
			defaultConfigurationIsVisible = 0;
			defaultConfigurationName = Release;
		};
		EBCCBE9A2BBF6489009D1387 /* Build configuration list for PBXNativeTarget "SimplifiedInstagramFeed" */ = {
			isa = XCConfigurationList;
			buildConfigurations = (
				EBCCBE9B2BBF6489009D1387 /* Debug */,
				EBCCBE9C2BBF6489009D1387 /* Release */,
			);
			defaultConfigurationIsVisible = 0;
			defaultConfigurationName = Release;
		};
		EBCCBE9D2BBF6489009D1387 /* Build configuration list for PBXNativeTarget "SimplifiedInstagramFeedTests" */ = {
			isa = XCConfigurationList;
			buildConfigurations = (
				EBCCBE9E2BBF6489009D1387 /* Debug */,
				EBCCBE9F2BBF6489009D1387 /* Release */,
			);
			defaultConfigurationIsVisible = 0;
			defaultConfigurationName = Release;
		};
		EBCCBEA02BBF6489009D1387 /* Build configuration list for PBXNativeTarget "SimplifiedInstagramFeedUITests" */ = {
			isa = XCConfigurationList;
			buildConfigurations = (
				EBCCBEA12BBF6489009D1387 /* Debug */,
				EBCCBEA22BBF6489009D1387 /* Release */,
			);
			defaultConfigurationIsVisible = 0;
			defaultConfigurationName = Release;
		};
/* End XCConfigurationList section */
	};
	rootObject = EBCCBE652BBF6488009D1387 /* Project object */;
}
